
Microsoft Visual Studio Solution File, Format Version 12.00
# Visual Studio Version 17
VisualStudioVersion = 17.3.32819.101
MinimumVisualStudioVersion = 10.0.40219.1
Project("{FAE04EC0-301F-11D3-BF4B-00C04F79EFBC}") = "make_primitive_outlines", "make_primitive_outlines\make_primitive_outlines.csproj", "{5BE1BA18-04CE-4369-8FFF-66607E3F0738}"
EndProject
Global
	GlobalSection(SolutionConfigurationPlatforms) = preSolution
		Debug|Any CPU = Debug|Any CPU
		Release|Any CPU = Release|Any CPU
	EndGlobalSection
	GlobalSection(ProjectConfigurationPlatforms) = postSolution
		{5BE1BA18-04CE-4369-8FFF-66607E3F0738}.Debug|Any CPU.ActiveCfg = Debug|Any CPU
		{5BE1BA18-04CE-4369-8FFF-66607E3F0738}.Debug|Any CPU.Build.0 = Debug|Any CPU
		{5BE1BA18-04CE-4369-8FFF-66607E3F0738}.Release|Any CPU.ActiveCfg = Release|Any CPU
		{5BE1BA18-04CE-4369-8FFF-66607E3F0738}.Release|Any CPU.Build.0 = Release|Any CPU
	EndGlobalSection
	GlobalSection(SolutionProperties) = preSolution
		HideSolutionNode = FALSE
	EndGlobalSection
	GlobalSection(ExtensibilityGlobals) = postSolution
		SolutionGuid = {D21C2855-8D84-48EC-A852-73B6C5ECFD6B}
	EndGlobalSection
EndGlobal
